{
  "name": "your-package-name",
  "version": "1.0.0",
  "lockfileVersion": 3,
  "requires": true,
  "packages": {
    "": {
      "name": "your-package-name",
      "version": "1.0.0",
      "dependencies": {
        "@wecom/crypto": "^1.0.1",
        "express-xml-bodyparser": "^0.3.0",
        "xml2js": "^0.6.2"
      }
    },
    "node_modules/@wecom/crypto": {
      "version": "1.0.1",
      "resolved": "https://registry.npmjs.org/@wecom/crypto/-/crypto-1.0.1.tgz",
      "integrity": "sha512-K4Ilkl1l64ceJDbj/kflx8ND/J88pcl8tKx4Ivp7IiCrshRJU+Uo5uWCjAa+PjUiLIdcQSZ4m4d0t1npMPCX5A=="
    },
    "node_modules/express-xml-bodyparser": {
      "version": "0.3.0",
      "resolved": "https://registry.npmjs.org/express-xml-bodyparser/-/express-xml-bodyparser-0.3.0.tgz",
      "integrity": "sha512-biHFKaZsPZQaf6H+xB8f8aawqe4c671JIF2RN8f3k9iOtPe8TVBb4H8tQkURFWFpGic53TCD5+uno9u52hdYoA==",
      "dependencies": {
        "xml2js": "^0.4.11"
      },
      "engines": {
        "node": ">=0.10"
      }
    },
    "node_modules/express-xml-bodyparser/node_modules/xml2js": {
      "version": "0.4.23",
      "resolved": "https://registry.npmjs.org/xml2js/-/xml2js-0.4.23.tgz",
      "integrity": "sha512-ySPiMjM0+pLDftHgXY4By0uswI3SPKLDw/i3UXbnO8M/p28zqexCUoPmQFrYD+/1BzhGJSs2i1ERWKJAtiLrug==",
      "dependencies": {
        "sax": ">=0.6.0",
        "xmlbuilder": "~11.0.0"
      },
      "engines": {
        "node": ">=4.0.0"
      }
    },
    "node_modules/sax": {
      "version": "1.3.0",
      "resolved": "https://registry.npmjs.org/sax/-/sax-1.3.0.tgz",
      "integrity": "sha512-0s+oAmw9zLl1V1cS9BtZN7JAd0cW5e0QH4W3LWEK6a4LaLEA2OTpGYWDY+6XasBLtz6wkm3u1xRw95mRuJ59WA=="
    },
    "node_modules/xml2js": {
      "version": "0.6.2",
      "resolved": "https://registry.npmjs.org/xml2js/-/xml2js-0.6.2.tgz",
      "integrity": "sha512-T4rieHaC1EXcES0Kxxj4JWgaUQHDk+qwHcYOCFHfiwKz7tOVPLq7Hjq9dM1WCMhylqMEfP7hMcOIChvotiZegA==",
      "dependencies": {
        "sax": ">=0.6.0",
        "xmlbuilder": "~11.0.0"
      },
      "engines": {
        "node": ">=4.0.0"
      }
    },
    "node_modules/xmlbuilder": {
      "version": "11.0.1",
      "resolved": "https://registry.npmjs.org/xmlbuilder/-/xmlbuilder-11.0.1.tgz",
      "integrity": "sha512-fDlsI/kFEx7gLvbecc0/ohLG50fugQp8ryHzMTuW9vSa1GJ0XYWKnhsUx7oie3G98+r56aTQIUB4kht42R3JvA==",
      "engines": {
        "node": ">=4.0"
      }
    }
  }
}
